
Microsoft Visual Studio Solution File, Format Version 12.00
# Visual Studio 15
VisualStudioVersion = 15.0.27703.2018
MinimumVisualStudioVersion = 10.0.40219.1
Project("{159641D6-6404-4A2A-AE62-294DE0FE8301}") = "SSAS.xEvent.SSIS.Manager", "SSAS.xEvent.SSIS.Manager\SSAS.xEvent.SSIS.Manager.dtproj", "{F4A4B88B-58EA-495E-A643-D28261AE659D}"
EndProject
Global
	GlobalSection(SolutionConfigurationPlatforms) = preSolution
		Development|Default = Development|Default
	EndGlobalSection
	GlobalSection(ProjectConfigurationPlatforms) = postSolution
		{F4A4B88B-58EA-495E-A643-D28261AE659D}.Development|Default.ActiveCfg = Development
		{F4A4B88B-58EA-495E-A643-D28261AE659D}.Development|Default.Build.0 = Development
	EndGlobalSection
	GlobalSection(SolutionProperties) = preSolution
		HideSolutionNode = FALSE
	EndGlobalSection
	GlobalSection(ExtensibilityGlobals) = postSolution
		SolutionGuid = {1988EF78-5037-4DAD-BC38-F59EDF2FAD07}
	EndGlobalSection
EndGlobal
