
Microsoft Visual Studio Solution File, Format Version 12.00
# Visual Studio 15
VisualStudioVersion = 15.0.27703.2018
MinimumVisualStudioVersion = 10.0.40219.1
Project("{00D1A9C2-B5F0-4AF3-8072-F6C62B433612}") = "SSAS.Tabular.Statistics.Database", "SSAS.Tabular.Statistics.Database\SSAS.Tabular.Statistics.Database.sqlproj", "{762EFA0B-CD63-4DF6-BB2D-C127C28B08C3}"
EndProject
Project("{6870E480-7721-4708-BFB8-9AE898AA21B3}") = "SSAS.Tabular.Statistics.Model", "SSAS.Tabular.Statistics.Model\SSAS.Tabular.Statistics.Model.smproj", "{8CE414BB-95B2-4C99-9E03-51BA72086E22}"
EndProject
Project("{2150E333-8FDC-42A3-9474-1A3956D46DE8}") = "SSAS.Tabular.Scripts", "SSAS.Tabular.Scripts", "{BBC0A775-D420-458D-9B7F-4B41DA955361}"
EndProject
Global
	GlobalSection(SolutionConfigurationPlatforms) = preSolution
		Debug|Any CPU = Debug|Any CPU
		Debug|x86 = Debug|x86
		Development|Any CPU = Development|Any CPU
		Development|x86 = Development|x86
		Release|Any CPU = Release|Any CPU
		Release|x86 = Release|x86
	EndGlobalSection
	GlobalSection(ProjectConfigurationPlatforms) = postSolution
		{762EFA0B-CD63-4DF6-BB2D-C127C28B08C3}.Debug|Any CPU.ActiveCfg = Debug|Any CPU
		{762EFA0B-CD63-4DF6-BB2D-C127C28B08C3}.Debug|Any CPU.Build.0 = Debug|Any CPU
		{762EFA0B-CD63-4DF6-BB2D-C127C28B08C3}.Debug|Any CPU.Deploy.0 = Debug|Any CPU
		{762EFA0B-CD63-4DF6-BB2D-C127C28B08C3}.Debug|x86.ActiveCfg = Debug|Any CPU
		{762EFA0B-CD63-4DF6-BB2D-C127C28B08C3}.Debug|x86.Build.0 = Debug|Any CPU
		{762EFA0B-CD63-4DF6-BB2D-C127C28B08C3}.Debug|x86.Deploy.0 = Debug|Any CPU
		{762EFA0B-CD63-4DF6-BB2D-C127C28B08C3}.Development|Any CPU.ActiveCfg = Debug|Any CPU
		{762EFA0B-CD63-4DF6-BB2D-C127C28B08C3}.Development|Any CPU.Build.0 = Debug|Any CPU
		{762EFA0B-CD63-4DF6-BB2D-C127C28B08C3}.Development|Any CPU.Deploy.0 = Debug|Any CPU
		{762EFA0B-CD63-4DF6-BB2D-C127C28B08C3}.Development|x86.ActiveCfg = Debug|Any CPU
		{762EFA0B-CD63-4DF6-BB2D-C127C28B08C3}.Development|x86.Build.0 = Debug|Any CPU
		{762EFA0B-CD63-4DF6-BB2D-C127C28B08C3}.Development|x86.Deploy.0 = Debug|Any CPU
		{762EFA0B-CD63-4DF6-BB2D-C127C28B08C3}.Release|Any CPU.ActiveCfg = Release|Any CPU
		{762EFA0B-CD63-4DF6-BB2D-C127C28B08C3}.Release|Any CPU.Build.0 = Release|Any CPU
		{762EFA0B-CD63-4DF6-BB2D-C127C28B08C3}.Release|Any CPU.Deploy.0 = Release|Any CPU
		{762EFA0B-CD63-4DF6-BB2D-C127C28B08C3}.Release|x86.ActiveCfg = Release|Any CPU
		{762EFA0B-CD63-4DF6-BB2D-C127C28B08C3}.Release|x86.Build.0 = Release|Any CPU
		{762EFA0B-CD63-4DF6-BB2D-C127C28B08C3}.Release|x86.Deploy.0 = Release|Any CPU
		{8CE414BB-95B2-4C99-9E03-51BA72086E22}.Debug|Any CPU.ActiveCfg = Development|x86
		{8CE414BB-95B2-4C99-9E03-51BA72086E22}.Debug|Any CPU.Build.0 = Development|x86
		{8CE414BB-95B2-4C99-9E03-51BA72086E22}.Debug|Any CPU.Deploy.0 = Development|x86
		{8CE414BB-95B2-4C99-9E03-51BA72086E22}.Debug|x86.ActiveCfg = Development|x86
		{8CE414BB-95B2-4C99-9E03-51BA72086E22}.Debug|x86.Build.0 = Development|x86
		{8CE414BB-95B2-4C99-9E03-51BA72086E22}.Debug|x86.Deploy.0 = Development|x86
		{8CE414BB-95B2-4C99-9E03-51BA72086E22}.Development|Any CPU.ActiveCfg = Development|x86
		{8CE414BB-95B2-4C99-9E03-51BA72086E22}.Development|x86.ActiveCfg = Development|x86
		{8CE414BB-95B2-4C99-9E03-51BA72086E22}.Development|x86.Build.0 = Development|x86
		{8CE414BB-95B2-4C99-9E03-51BA72086E22}.Development|x86.Deploy.0 = Development|x86
		{8CE414BB-95B2-4C99-9E03-51BA72086E22}.Release|Any CPU.ActiveCfg = Development|x86
		{8CE414BB-95B2-4C99-9E03-51BA72086E22}.Release|Any CPU.Build.0 = Development|x86
		{8CE414BB-95B2-4C99-9E03-51BA72086E22}.Release|Any CPU.Deploy.0 = Development|x86
		{8CE414BB-95B2-4C99-9E03-51BA72086E22}.Release|x86.ActiveCfg = Development|x86
		{8CE414BB-95B2-4C99-9E03-51BA72086E22}.Release|x86.Build.0 = Development|x86
		{8CE414BB-95B2-4C99-9E03-51BA72086E22}.Release|x86.Deploy.0 = Development|x86
	EndGlobalSection
	GlobalSection(SolutionProperties) = preSolution
		HideSolutionNode = FALSE
	EndGlobalSection
	GlobalSection(ExtensibilityGlobals) = postSolution
		SolutionGuid = {A03BADEA-23F2-408E-B3C0-1B6D82108D53}
	EndGlobalSection
EndGlobal
